// !$*UTF8*$!
{
	archiveVersion = 1;
	classes = {
	};
	objectVersion = 77;
	objects = {

/* Begin PBXBuildFile section */
		0A093C7D738A2E5BDEB758D2 /* Pods_Countingpills.framework in Frameworks */ = {isa = PBXBuildFile; fileRef = CAAC6ADA8A7468BB98A61EE4 /* Pods_Countingpills.framework */; };
		BB1CF7BF90E6C87ACA32D8FC /* Pods_Countingpills_CountingpillsUITests.framework in Frameworks */ = {isa = PBXBuildFile; fileRef = 1C4B839B939747939F32C42B /* Pods_Countingpills_CountingpillsUITests.framework */; };
		C4441BC6570D8BFB807FD0F4 /* Pods_CountingpillsTests.framework in Frameworks */ = {isa = PBXBuildFile; fileRef = DAF3C17295DB435007927285 /* Pods_CountingpillsTests.framework */; };
		EAEE302B2F4F58AE00BE92D7 /* Secrets.xcconfig in Resources */ = {isa = PBXBuildFile; fileRef = EAEE302A2F4F58AC00BE92D7 /* Secrets.xcconfig */; };
/* End PBXBuildFile section */

/* Begin PBXContainerItemProxy section */
		EAB519442F191CC700A27C0A /* PBXContainerItemProxy */ = {
			isa = PBXContainerItemProxy;
			containerPortal = EAB5192E2F191CC600A27C0A /* Project object */;
			proxyType = 1;
			remoteGlobalIDString = EAB519352F191CC600A27C0A;
			remoteInfo = Countingpills;
		};
		EAB5194E2F191CC700A27C0A /* PBXContainerItemProxy */ = {
			isa = PBXContainerItemProxy;
			containerPortal = EAB5192E2F191CC600A27C0A /* Project object */;
			proxyType = 1;
			remoteGlobalIDString = EAB519352F191CC600A27C0A;
			remoteInfo = Countingpills;
		};
/* End PBXContainerItemProxy section */

/* Begin PBXFileReference section */
		0C54D5839B8D4315BDABF6CF /* Pods-Countingpills-CountingpillsUITests.debug.xcconfig */ = {isa = PBXFileReference; includeInIndex = 1; lastKnownFileType = text.xcconfig; name = "Pods-Countingpills-CountingpillsUITests.debug.xcconfig"; path = "Target Support Files/Pods-Countingpills-CountingpillsUITests/Pods-Countingpills-CountingpillsUITests.debug.xcconfig"; sourceTree = "<group>"; };
		1C4B839B939747939F32C42B /* Pods_Countingpills_CountingpillsUITests.framework */ = {isa = PBXFileReference; explicitFileType = wrapper.framework; includeInIndex = 0; path = Pods_Countingpills_CountingpillsUITests.framework; sourceTree = BUILT_PRODUCTS_DIR; };
		3051EDA2B0AEF8C4834AC559 /* Pods-Countingpills-CountingpillsUITests.release.xcconfig */ = {isa = PBXFileReference; includeInIndex = 1; lastKnownFileType = text.xcconfig; name = "Pods-Countingpills-CountingpillsUITests.release.xcconfig"; path = "Target Support Files/Pods-Countingpills-CountingpillsUITests/Pods-Countingpills-CountingpillsUITests.release.xcconfig"; sourceTree = "<group>"; };
		48C5A1C1BCBE8890541846AD /* Pods-Countingpills.debug.xcconfig */ = {isa = PBXFileReference; includeInIndex = 1; lastKnownFileType = text.xcconfig; name = "Pods-Countingpills.debug.xcconfig"; path = "Target Support Files/Pods-Countingpills/Pods-Countingpills.debug.xcconfig"; sourceTree = "<group>"; };
		765CC4471C1B8CCC5773D3A5 /* Pods-Countingpills.release.xcconfig */ = {isa = PBXFileReference; includeInIndex = 1; lastKnownFileType = text.xcconfig; name = "Pods-Countingpills.release.xcconfig"; path = "Target Support Files/Pods-Countingpills/Pods-Countingpills.release.xcconfig"; sourceTree = "<group>"; };
		82C84F2368011B55AC04D99C /* Pods-CountingpillsTests.release.xcconfig */ = {isa = PBXFileReference; includeInIndex = 1; lastKnownFileType = text.xcconfig; name = "Pods-CountingpillsTests.release.xcconfig"; path = "Target Support Files/Pods-CountingpillsTests/Pods-CountingpillsTests.release.xcconfig"; sourceTree = "<group>"; };
		CAAC6ADA8A7468BB98A61EE4 /* Pods_Countingpills.framework */ = {isa = PBXFileReference; explicitFileType = wrapper.framework; includeInIndex = 0; path = Pods_Countingpills.framework; sourceTree = BUILT_PRODUCTS_DIR; };
		CD17744FD6906C4115893546 /* Pods-CountingpillsTests.debug.xcconfig */ = {isa = PBXFileReference; includeInIndex = 1; lastKnownFileType = text.xcconfig; name = "Pods-CountingpillsTests.debug.xcconfig"; path = "Target Support Files/Pods-CountingpillsTests/Pods-CountingpillsTests.debug.xcconfig"; sourceTree = "<group>"; };
		DAF3C17295DB435007927285 /* Pods_CountingpillsTests.framework */ = {isa = PBXFileReference; explicitFileType = wrapper.framework; includeInIndex = 0; path = Pods_CountingpillsTests.framework; sourceTree = BUILT_PRODUCTS_DIR; };
		EAB519362F191CC600A27C0A /* Countingpills.app */ = {isa = PBXFileReference; explicitFileType = wrapper.application; includeInIndex = 0; path = Countingpills.app; sourceTree = BUILT_PRODUCTS_DIR; };
		EAB519432F191CC700A27C0A /* CountingpillsTests.xctest */ = {isa = PBXFileReference; explicitFileType = wrapper.cfbundle; includeInIndex = 0; path = CountingpillsTests.xctest; sourceTree = BUILT_PRODUCTS_DIR; };
		EAB5194D2F191CC700A27C0A /* CountingpillsUITests.xctest */ = {isa = PBXFileReference; explicitFileType = wrapper.cfbundle; includeInIndex = 0; path = CountingpillsUITests.xctest; sourceTree = BUILT_PRODUCTS_DIR; };
		EAEE302A2F4F58AC00BE92D7 /* Secrets.xcconfig */ = {isa = PBXFileReference; lastKnownFileType = text.xcconfig; path = Secrets.xcconfig; sourceTree = "<group>"; };
/* End PBXFileReference section */

/* Begin PBXFileSystemSynchronizedBuildFileExceptionSet section */
		EA8798282F4F3ABE00B4E02C /* Exceptions for "Countingpills" folder in "Countingpills" target */ = {
			isa = PBXFileSystemSynchronizedBuildFileExceptionSet;
			membershipExceptions = (
				Info.plist,
			);
			target = EAB519352F191CC600A27C0A /* Countingpills */;
		};
/* End PBXFileSystemSynchronizedBuildFileExceptionSet section */

/* Begin PBXFileSystemSynchronizedRootGroup section */
		EAB519382F191CC600A27C0A /* Countingpills */ = {
			isa = PBXFileSystemSynchronizedRootGroup;
			exceptions = (
				EA8798282F4F3ABE00B4E02C /* Exceptions for "Countingpills" folder in "Countingpills" target */,
			);
			path = Countingpills;
			sourceTree = "<group>";
		};
		EAB519462F191CC700A27C0A /* CountingpillsTests */ = {
			isa = PBXFileSystemSynchronizedRootGroup;
			path = CountingpillsTests;
			sourceTree = "<group>";
		};
		EAB519502F191CC700A27C0A /* CountingpillsUITests */ = {
			isa = PBXFileSystemSynchronizedRootGroup;
			path = CountingpillsUITests;
			sourceTree = "<group>";
		};
/* End PBXFileSystemSynchronizedRootGroup section */

/* Begin PBXFrameworksBuildPhase section */
		EAB519332F191CC600A27C0A /* Frameworks */ = {
			isa = PBXFrameworksBuildPhase;
			buildActionMask = 2147483647;
			files = (
				0A093C7D738A2E5BDEB758D2 /* Pods_Countingpills.framework in Frameworks */,
			);
			runOnlyForDeploymentPostprocessing = 0;
		};
		EAB519402F191CC700A27C0A /* Frameworks */ = {
			isa = PBXFrameworksBuildPhase;
			buildActionMask = 2147483647;
			files = (
				C4441BC6570D8BFB807FD0F4 /* Pods_CountingpillsTests.framework in Frameworks */,
			);
			runOnlyForDeploymentPostprocessing = 0;
		};
		EAB5194A2F191CC700A27C0A /* Frameworks */ = {
			isa = PBXFrameworksBuildPhase;
			buildActionMask = 2147483647;
			files = (
				BB1CF7BF90E6C87ACA32D8FC /* Pods_Countingpills_CountingpillsUITests.framework in Frameworks */,
			);
			runOnlyForDeploymentPostprocessing = 0;
		};
/* End PBXFrameworksBuildPhase section */

/* Begin PBXGroup section */
		26899585A5D2EB06CC96C040 /* Pods */ = {
			isa = PBXGroup;
			children = (
				48C5A1C1BCBE8890541846AD /* Pods-Countingpills.debug.xcconfig */,
				765CC4471C1B8CCC5773D3A5 /* Pods-Countingpills.release.xcconfig */,
				0C54D5839B8D4315BDABF6CF /* Pods-Countingpills-CountingpillsUITests.debug.xcconfig */,
				3051EDA2B0AEF8C4834AC559 /* Pods-Countingpills-CountingpillsUITests.release.xcconfig */,
				CD17744FD6906C4115893546 /* Pods-CountingpillsTests.debug.xcconfig */,
				82C84F2368011B55AC04D99C /* Pods-CountingpillsTests.release.xcconfig */,
			);
			path = Pods;
			sourceTree = "<group>";
		};
		271B7040486B13081CBEAF04 /* Frameworks */ = {
			isa = PBXGroup;
			children = (
				CAAC6ADA8A7468BB98A61EE4 /* Pods_Countingpills.framework */,
				1C4B839B939747939F32C42B /* Pods_Countingpills_CountingpillsUITests.framework */,
				DAF3C17295DB435007927285 /* Pods_CountingpillsTests.framework */,
			);
			name = Frameworks;
			sourceTree = "<group>";
		};
		EAB5192D2F191CC600A27C0A = {
			isa = PBXGroup;
			children = (
				EAEE302A2F4F58AC00BE92D7 /* Secrets.xcconfig */,
				EAB519382F191CC600A27C0A /* Countingpills */,
				EAB519462F191CC700A27C0A /* CountingpillsTests */,
				EAB519502F191CC700A27C0A /* CountingpillsUITests */,
				EAB519372F191CC600A27C0A /* Products */,
				26899585A5D2EB06CC96C040 /* Pods */,
				271B7040486B13081CBEAF04 /* Frameworks */,
			);
			sourceTree = "<group>";
		};
		EAB519372F191CC600A27C0A /* Products */ = {
			isa = PBXGroup;
			children = (
				EAB519362F191CC600A27C0A /* Countingpills.app */,
				EAB519432F191CC700A27C0A /* CountingpillsTests.xctest */,
				EAB5194D2F191CC700A27C0A /* CountingpillsUITests.xctest */,
			);
			name = Products;
			sourceTree = "<group>";
		};
/* End PBXGroup section */

/* Begin PBXNativeTarget section */
		EAB519352F191CC600A27C0A /* Countingpills */ = {
			isa = PBXNativeTarget;
			buildConfigurationList = EAB519572F191CC700A27C0A /* Build configuration list for PBXNativeTarget "Countingpills" */;
			buildPhases = (
				6955B0D7CF81CC4AE97D0C15 /* [CP] Check Pods Manifest.lock */,
				EAB519322F191CC600A27C0A /* Sources */,
				EAB519332F191CC600A27C0A /* Frameworks */,
				EAB519342F191CC600A27C0A /* Resources */,
				788A618DDD2BC3EA72500BED /* [CP] Embed Pods Frameworks */,
			);
			buildRules = (
			);
			dependencies = (
			);
			fileSystemSynchronizedGroups = (
				EAB519382F191CC600A27C0A /* Countingpills */,
			);
			name = Countingpills;
			productName = Countingpills;
			productReference = EAB519362F191CC600A27C0A /* Countingpills.app */;
			productType = "com.apple.product-type.application";
		};
		EAB519422F191CC700A27C0A /* CountingpillsTests */ = {
			isa = PBXNativeTarget;
			buildConfigurationList = EAB5195A2F191CC700A27C0A /* Build configuration list for PBXNativeTarget "CountingpillsTests" */;
			buildPhases = (
				162552A0DAFBC20047DAA01E /* [CP] Check Pods Manifest.lock */,
				EAB5193F2F191CC700A27C0A /* Sources */,
				EAB519402F191CC700A27C0A /* Frameworks */,
				EAB519412F191CC700A27C0A /* Resources */,
			);
			buildRules = (
			);
			dependencies = (
				EAB519452F191CC700A27C0A /* PBXTargetDependency */,
			);
			fileSystemSynchronizedGroups = (
				EAB519462F191CC700A27C0A /* CountingpillsTests */,
			);
			name = CountingpillsTests;
			productName = CountingpillsTests;
			productReference = EAB519432F191CC700A27C0A /* CountingpillsTests.xctest */;
			productType = "com.apple.product-type.bundle.unit-test";
		};
		EAB5194C2F191CC700A27C0A /* CountingpillsUITests */ = {
			isa = PBXNativeTarget;
			buildConfigurationList = EAB5195D2F191CC700A27C0A /* Build configuration list for PBXNativeTarget "CountingpillsUITests" */;
			buildPhases = (
				FF4B2222E454336A137AB039 /* [CP] Check Pods Manifest.lock */,
				EAB519492F191CC700A27C0A /* Sources */,
				EAB5194A2F191CC700A27C0A /* Frameworks */,
				EAB5194B2F191CC700A27C0A /* Resources */,
				F95D6988942E15E9864DC569 /* [CP] Embed Pods Frameworks */,
			);
			buildRules = (
			);
			dependencies = (
				EAB5194F2F191CC700A27C0A /* PBXTargetDependency */,
			);
			fileSystemSynchronizedGroups = (
				EAB519502F191CC700A27C0A /* CountingpillsUITests */,
			);
			name = CountingpillsUITests;
			productName = CountingpillsUITests;
			productReference = EAB5194D2F191CC700A27C0A /* CountingpillsUITests.xctest */;
			productType = "com.apple.product-type.bundle.ui-testing";
		};
/* End PBXNativeTarget section */

/* Begin PBXProject section */
		EAB5192E2F191CC600A27C0A /* Project object */ = {
			isa = PBXProject;
			attributes = {
				BuildIndependentTargetsInParallel = 1;
				LastSwiftUpdateCheck = 2620;
				LastUpgradeCheck = 2620;
				TargetAttributes = {
					EAB519352F191CC600A27C0A = {
						CreatedOnToolsVersion = 26.2;
					};
					EAB519422F191CC700A27C0A = {
						CreatedOnToolsVersion = 26.2;
						TestTargetID = EAB519352F191CC600A27C0A;
					};
					EAB5194C2F191CC700A27C0A = {
						CreatedOnToolsVersion = 26.2;
						TestTargetID = EAB519352F191CC600A27C0A;
					};
				};
			};
			buildConfigurationList = EAB519312F191CC600A27C0A /* Build configuration list for PBXProject "Countingpills" */;
			developmentRegion = en;
			hasScannedForEncodings = 0;
			knownRegions = (
				en,
				Base,
			);
			mainGroup = EAB5192D2F191CC600A27C0A;
			minimizedProjectReferenceProxies = 1;
			preferredProjectObjectVersion = 77;
			productRefGroup = EAB519372F191CC600A27C0A /* Products */;
			projectDirPath = "";
			projectRoot = "";
			targets = (
				EAB519352F191CC600A27C0A /* Countingpills */,
				EAB519422F191CC700A27C0A /* CountingpillsTests */,
				EAB5194C2F191CC700A27C0A /* CountingpillsUITests */,
			);
		};
/* End PBXProject section */

/* Begin PBXResourcesBuildPhase section */
		EAB519342F191CC600A27C0A /* Resources */ = {
			isa = PBXResourcesBuildPhase;
			buildActionMask = 2147483647;
			files = (
				EAEE302B2F4F58AE00BE92D7 /* Secrets.xcconfig in Resources */,
			);
			runOnlyForDeploymentPostprocessing = 0;
		};
		EAB519412F191CC700A27C0A /* Resources */ = {
			isa = PBXResourcesBuildPhase;
			buildActionMask = 2147483647;
			files = (
			);
			runOnlyForDeploymentPostprocessing = 0;
		};
		EAB5194B2F191CC700A27C0A /* Resources */ = {
			isa = PBXResourcesBuildPhase;
			buildActionMask = 2147483647;
			files = (
			);
			runOnlyForDeploymentPostprocessing = 0;
		};
/* End PBXResourcesBuildPhase section */

/* Begin PBXShellScriptBuildPhase section */
		162552A0DAFBC20047DAA01E /* [CP] Check Pods Manifest.lock */ = {
			isa = PBXShellScriptBuildPhase;
			buildActionMask = 2147483647;
			files = (
			);
			inputFileListPaths = (
			);
			inputPaths = (
				"${PODS_PODFILE_DIR_PATH}/Podfile.lock",
				"${PODS_ROOT}/Manifest.lock",
			);
			name = "[CP] Check Pods Manifest.lock";
			outputFileListPaths = (
			);
			outputPaths = (
				"$(DERIVED_FILE_DIR)/Pods-CountingpillsTests-checkManifestLockResult.txt",
			);
			runOnlyForDeploymentPostprocessing = 0;
			shellPath = /bin/sh;
			shellScript = "diff \"${PODS_PODFILE_DIR_PATH}/Podfile.lock\" \"${PODS_ROOT}/Manifest.lock\" > /dev/null\nif [ $? != 0 ] ; then\n    # print error to STDERR\n    echo \"error: The sandbox is not in sync with the Podfile.lock. Run 'pod install' or update your CocoaPods installation.\" >&2\n    exit 1\nfi\n# This output is used by Xcode 'outputs' to avoid re-running this script phase.\necho \"SUCCESS\" > \"${SCRIPT_OUTPUT_FILE_0}\"\n";
			showEnvVarsInLog = 0;
		};
		6955B0D7CF81CC4AE97D0C15 /* [CP] Check Pods Manifest.lock */ = {
			isa = PBXShellScriptBuildPhase;
			buildActionMask = 2147483647;
			files = (
			);
			inputFileListPaths = (
			);
			inputPaths = (
				"${PODS_PODFILE_DIR_PATH}/Podfile.lock",
				"${PODS_ROOT}/Manifest.lock",
			);
			name = "[CP] Check Pods Manifest.lock";
			outputFileListPaths = (
			);
			outputPaths = (
				"$(DERIVED_FILE_DIR)/Pods-Countingpills-checkManifestLockResult.txt",
			);
			runOnlyForDeploymentPostprocessing = 0;
			shellPath = /bin/sh;
			shellScript = "diff \"${PODS_PODFILE_DIR_PATH}/Podfile.lock\" \"${PODS_ROOT}/Manifest.lock\" > /dev/null\nif [ $? != 0 ] ; then\n    # print error to STDERR\n    echo \"error: The sandbox is not in sync with the Podfile.lock. Run 'pod install' or update your CocoaPods installation.\" >&2\n    exit 1\nfi\n# This output is used by Xcode 'outputs' to avoid re-running this script phase.\necho \"SUCCESS\" > \"${SCRIPT_OUTPUT_FILE_0}\"\n";
			showEnvVarsInLog = 0;
		};
		788A618DDD2BC3EA72500BED /* [CP] Embed Pods Frameworks */ = {
			isa = PBXShellScriptBuildPhase;
			buildActionMask = 2147483647;
			files = (
			);
			inputFileListPaths = (
				"${PODS_ROOT}/Target Support Files/Pods-Countingpills/Pods-Countingpills-frameworks-${CONFIGURATION}-input-files.xcfilelist",
			);
			inputPaths = (
			);
			name = "[CP] Embed Pods Frameworks";
			outputFileListPaths = (
				"${PODS_ROOT}/Target Support Files/Pods-Countingpills/Pods-Countingpills-frameworks-${CONFIGURATION}-output-files.xcfilelist",
			);
			outputPaths = (
			);
			runOnlyForDeploymentPostprocessing = 0;
			shellPath = /bin/sh;
			shellScript = "\"${PODS_ROOT}/Target Support Files/Pods-Countingpills/Pods-Countingpills-frameworks.sh\"\n";
			showEnvVarsInLog = 0;
		};
		F95D6988942E15E9864DC569 /* [CP] Embed Pods Frameworks */ = {
			isa = PBXShellScriptBuildPhase;
			buildActionMask = 2147483647;
			files = (
			);
			inputFileListPaths = (
				"${PODS_ROOT}/Target Support Files/Pods-Countingpills-CountingpillsUITests/Pods-Countingpills-CountingpillsUITests-frameworks-${CONFIGURATION}-input-files.xcfilelist",
			);
			inputPaths = (
			);
			name = "[CP] Embed Pods Frameworks";
			outputFileListPaths = (
				"${PODS_ROOT}/Target Support Files/Pods-Countingpills-CountingpillsUITests/Pods-Countingpills-CountingpillsUITests-frameworks-${CONFIGURATION}-output-files.xcfilelist",
			);
			outputPaths = (
			);
			runOnlyForDeploymentPostprocessing = 0;
			shellPath = /bin/sh;
			shellScript = "\"${PODS_ROOT}/Target Support Files/Pods-Countingpills-CountingpillsUITests/Pods-Countingpills-CountingpillsUITests-frameworks.sh\"\n";
			showEnvVarsInLog = 0;
		};
		FF4B2222E454336A137AB039 /* [CP] Check Pods Manifest.lock */ = {
			isa = PBXShellScriptBuildPhase;
			buildActionMask = 2147483647;
			files = (
			);
			inputFileListPaths = (
			);
			inputPaths = (
				"${PODS_PODFILE_DIR_PATH}/Podfile.lock",
				"${PODS_ROOT}/Manifest.lock",
			);
			name = "[CP] Check Pods Manifest.lock";
			outputFileListPaths = (
			);
			outputPaths = (
				"$(DERIVED_FILE_DIR)/Pods-Countingpills-CountingpillsUITests-checkManifestLockResult.txt",
			);
			runOnlyForDeploymentPostprocessing = 0;
			shellPath = /bin/sh;
			shellScript = "diff \"${PODS_PODFILE_DIR_PATH}/Podfile.lock\" \"${PODS_ROOT}/Manifest.lock\" > /dev/null\nif [ $? != 0 ] ; then\n    # print error to STDERR\n    echo \"error: The sandbox is not in sync with the Podfile.lock. Run 'pod install' or update your CocoaPods installation.\" >&2\n    exit 1\nfi\n# This output is used by Xcode 'outputs' to avoid re-running this script phase.\necho \"SUCCESS\" > \"${SCRIPT_OUTPUT_FILE_0}\"\n";
			showEnvVarsInLog = 0;
		};
/* End PBXShellScriptBuildPhase section */

/* Begin PBXSourcesBuildPhase section */
		EAB519322F191CC600A27C0A /* Sources */ = {
			isa = PBXSourcesBuildPhase;
			buildActionMask = 2147483647;
			files = (
			);
			runOnlyForDeploymentPostprocessing = 0;
		};
		EAB5193F2F191CC700A27C0A /* Sources */ = {
			isa = PBXSourcesBuildPhase;
			buildActionMask = 2147483647;
			files = (
			);
			runOnlyForDeploymentPostprocessing = 0;
		};
		EAB519492F191CC700A27C0A /* Sources */ = {
			isa = PBXSourcesBuildPhase;
			buildActionMask = 2147483647;
			files = (
			);
			runOnlyForDeploymentPostprocessing = 0;
		};
/* End PBXSourcesBuildPhase section */

/* Begin PBXTargetDependency section */
		EAB519452F191CC700A27C0A /* PBXTargetDependency */ = {
			isa = PBXTargetDependency;
			target = EAB519352F191CC600A27C0A /* Countingpills */;
			targetProxy = EAB519442F191CC700A27C0A /* PBXContainerItemProxy */;
		};
		EAB5194F2F191CC700A27C0A /* PBXTargetDependency */ = {
			isa = PBXTargetDependency;
			target = EAB519352F191CC600A27C0A /* Countingpills */;
			targetProxy = EAB5194E2F191CC700A27C0A /* PBXContainerItemProxy */;
		};
/* End PBXTargetDependency section */

/* Begin XCBuildConfiguration section */
		EAB519552F191CC700A27C0A /* Debug */ = {
			isa = XCBuildConfiguration;
			buildSettings = {
				ALWAYS_SEARCH_USER_PATHS = NO;
				ASSETCATALOG_COMPILER_GENERATE_SWIFT_ASSET_SYMBOL_EXTENSIONS = YES;
				CLANG_ANALYZER_NONNULL = YES;
				CLANG_ANALYZER_NUMBER_OBJECT_CONVERSION = YES_AGGRESSIVE;
				CLANG_CXX_LANGUAGE_STANDARD = "gnu++20";
				CLANG_ENABLE_MODULES = YES;
				CLANG_ENABLE_OBJC_ARC = YES;
				CLANG_ENABLE_OBJC_WEAK = YES;
				CLANG_WARN_BLOCK_CAPTURE_AUTORELEASING = YES;
				CLANG_WARN_BOOL_CONVERSION = YES;
				CLANG_WARN_COMMA = YES;
				CLANG_WARN_CONSTANT_CONVERSION = YES;
				CLANG_WARN_DEPRECATED_OBJC_IMPLEMENTATIONS = YES;
				CLANG_WARN_DIRECT_OBJC_ISA_USAGE = YES_ERROR;
				CLANG_WARN_DOCUMENTATION_COMMENTS = YES;
				CLANG_WARN_EMPTY_BODY = YES;
				CLANG_WARN_ENUM_CONVERSION = YES;
				CLANG_WARN_INFINITE_RECURSION = YES;
				CLANG_WARN_INT_CONVERSION = YES;
				CLANG_WARN_NON_LITERAL_NULL_CONVERSION = YES;
				CLANG_WARN_OBJC_IMPLICIT_RETAIN_SELF = YES;
				CLANG_WARN_OBJC_LITERAL_CONVERSION = YES;
				CLANG_WARN_OBJC_ROOT_CLASS = YES_ERROR;
				CLANG_WARN_QUOTED_INCLUDE_IN_FRAMEWORK_HEADER = YES;
				CLANG_WARN_RANGE_LOOP_ANALYSIS = YES;
				CLANG_WARN_STRICT_PROTOTYPES = YES;
				CLANG_WARN_SUSPICIOUS_MOVE = YES;
				CLANG_WARN_UNGUARDED_AVAILABILITY = YES_AGGRESSIVE;
				CLANG_WARN_UNREACHABLE_CODE = YES;
				CLANG_WARN__DUPLICATE_METHOD_MATCH = YES;
				COPY_PHASE_STRIP = NO;
				DEBUG_INFORMATION_FORMAT = dwarf;
				DEVELOPMENT_TEAM = R54DJK7U34;
				ENABLE_STRICT_OBJC_MSGSEND = YES;
				ENABLE_TESTABILITY = YES;
				ENABLE_USER_SCRIPT_SANDBOXING = NO;
				GCC_C_LANGUAGE_STANDARD = gnu17;
				GCC_DYNAMIC_NO_PIC = NO;
				GCC_NO_COMMON_BLOCKS = YES;
				GCC_OPTIMIZATION_LEVEL = 0;
				GCC_PREPROCESSOR_DEFINITIONS = (
					"DEBUG=1",
					"$(inherited)",
				);
				GCC_WARN_64_TO_32_BIT_CONVERSION = YES;
				GCC_WARN_ABOUT_RETURN_TYPE = YES_ERROR;
				GCC_WARN_UNDECLARED_SELECTOR = YES;
				GCC_WARN_UNINITIALIZED_AUTOS = YES_AGGRESSIVE;
				GCC_WARN_UNUSED_FUNCTION = YES;
				GCC_WARN_UNUSED_VARIABLE = YES;
				IPHONEOS_DEPLOYMENT_TARGET = 26.2;
				LOCALIZATION_PREFERS_STRING_CATALOGS = YES;
				MTL_ENABLE_DEBUG_INFO = INCLUDE_SOURCE;
				MTL_FAST_MATH = YES;
				ONLY_ACTIVE_ARCH = YES;
				SDKROOT = iphoneos;
				SWIFT_ACTIVE_COMPILATION_CONDITIONS = "DEBUG $(inherited)";
				SWIFT_OPTIMIZATION_LEVEL = "-Onone";
			};
			name = Debug;
		};
		EAB519562F191CC700A27C0A /* Release */ = {
			isa = XCBuildConfiguration;
			buildSettings = {
				ALWAYS_SEARCH_USER_PATHS = NO;
				ASSETCATALOG_COMPILER_GENERATE_SWIFT_ASSET_SYMBOL_EXTENSIONS = YES;
				CLANG_ANALYZER_NONNULL = YES;
				CLANG_ANALYZER_NUMBER_OBJECT_CONVERSION = YES_AGGRESSIVE;
				CLANG_CXX_LANGUAGE_STANDARD = "gnu++20";
				CLANG_ENABLE_MODULES = YES;
				CLANG_ENABLE_OBJC_ARC = YES;
				CLANG_ENABLE_OBJC_WEAK = YES;
				CLANG_WARN_BLOCK_CAPTURE_AUTORELEASING = YES;
				CLANG_WARN_BOOL_CONVERSION = YES;
				CLANG_WARN_COMMA = YES;
				CLANG_WARN_CONSTANT_CONVERSION = YES;
				CLANG_WARN_DEPRECATED_OBJC_IMPLEMENTATIONS = YES;
				CLANG_WARN_DIRECT_OBJC_ISA_USAGE = YES_ERROR;
				CLANG_WARN_DOCUMENTATION_COMMENTS = YES;
				CLANG_WARN_EMPTY_BODY = YES;
				CLANG_WARN_ENUM_CONVERSION = YES;
				CLANG_WARN_INFINITE_RECURSION = YES;
				CLANG_WARN_INT_CONVERSION = YES;
				CLANG_WARN_NON_LITERAL_NULL_CONVERSION = YES;
				CLANG_WARN_OBJC_IMPLICIT_RETAIN_SELF = YES;
				CLANG_WARN_OBJC_LITERAL_CONVERSION = YES;
				CLANG_WARN_OBJC_ROOT_CLASS = YES_ERROR;
				CLANG_WARN_QUOTED_INCLUDE_IN_FRAMEWORK_HEADER = YES;
				CLANG_WARN_RANGE_LOOP_ANALYSIS = YES;
				CLANG_WARN_STRICT_PROTOTYPES = YES;
				CLANG_WARN_SUSPICIOUS_MOVE = YES;
				CLANG_WARN_UNGUARDED_AVAILABILITY = YES_AGGRESSIVE;
				CLANG_WARN_UNREACHABLE_CODE = YES;
				CLANG_WARN__DUPLICATE_METHOD_MATCH = YES;
				COPY_PHASE_STRIP = NO;
				DEBUG_INFORMATION_FORMAT = "dwarf-with-dsym";
				DEVELOPMENT_TEAM = R54DJK7U34;
				ENABLE_NS_ASSERTIONS = NO;
				ENABLE_STRICT_OBJC_MSGSEND = YES;
				ENABLE_USER_SCRIPT_SANDBOXING = NO;
				GCC_C_LANGUAGE_STANDARD = gnu17;
				GCC_NO_COMMON_BLOCKS = YES;
				GCC_WARN_64_TO_32_BIT_CONVERSION = YES;
				GCC_WARN_ABOUT_RETURN_TYPE = YES_ERROR;
				GCC_WARN_UNDECLARED_SELECTOR = YES;
				GCC_WARN_UNINITIALIZED_AUTOS = YES_AGGRESSIVE;
				GCC_WARN_UNUSED_FUNCTION = YES;
				GCC_WARN_UNUSED_VARIABLE = YES;
				IPHONEOS_DEPLOYMENT_TARGET = 26.2;
				LOCALIZATION_PREFERS_STRING_CATALOGS = YES;
				MTL_ENABLE_DEBUG_INFO = NO;
				MTL_FAST_MATH = YES;
				SDKROOT = iphoneos;
				SWIFT_COMPILATION_MODE = wholemodule;
				VALIDATE_PRODUCT = YES;
			};
			name = Release;
		};
		EAB519582F191CC700A27C0A /* Debug */ = {
			isa = XCBuildConfiguration;
			baseConfigurationReference = 48C5A1C1BCBE8890541846AD /* Pods-Countingpills.debug.xcconfig */;
			buildSettings = {
				ASSETCATALOG_COMPILER_APPICON_NAME = AppIcon;
				ASSETCATALOG_COMPILER_GLOBAL_ACCENT_COLOR_NAME = AccentColor;
				CODE_SIGN_STYLE = Automatic;
				CURRENT_PROJECT_VERSION = 1;
				DEVELOPMENT_TEAM = R54DJK7U34;
				ENABLE_PREVIEWS = YES;
				GENERATE_INFOPLIST_FILE = YES;
				INFOPLIST_FILE = Countingpills/Info.plist;
				INFOPLIST_KEY_CFBundleDisplayName = "";
				INFOPLIST_KEY_NSCameraUsageDescription = "카메라 사용을 위해 필요합니다";
				INFOPLIST_KEY_UIApplicationSceneManifest_Generation = YES;
				INFOPLIST_KEY_UIApplicationSupportsIndirectInputEvents = YES;
				INFOPLIST_KEY_UILaunchScreen_Generation = YES;
				INFOPLIST_KEY_UISupportedInterfaceOrientations_iPad = "UIInterfaceOrientationPortrait UIInterfaceOrientationPortraitUpsideDown UIInterfaceOrientationLandscapeLeft UIInterfaceOrientationLandscapeRight";
				INFOPLIST_KEY_UISupportedInterfaceOrientations_iPhone = "UIInterfaceOrientationPortrait UIInterfaceOrientationLandscapeLeft UIInterfaceOrientationLandscapeRight";
				IPHONEOS_DEPLOYMENT_TARGET = 18.6;
				LD_RUNPATH_SEARCH_PATHS = (
					"$(inherited)",
					"@executable_path/Frameworks",
				);
				MARKETING_VERSION = 1.0;
				PRODUCT_BUNDLE_IDENTIFIER = com.test.Countingpills;
				PRODUCT_NAME = "$(TARGET_NAME)";
				STRING_CATALOG_GENERATE_SYMBOLS = YES;
				SWIFT_APPROACHABLE_CONCURRENCY = YES;
				SWIFT_DEFAULT_ACTOR_ISOLATION = MainActor;
				SWIFT_EMIT_LOC_STRINGS = YES;
				SWIFT_UPCOMING_FEATURE_MEMBER_IMPORT_VISIBILITY = YES;
				SWIFT_VERSION = 5.0;
				TARGETED_DEVICE_FAMILY = "1,2";
			};
			name = Debug;
		};
		EAB519592F191CC700A27C0A /* Release */ = {
			isa = XCBuildConfiguration;
			baseConfigurationReference = 765CC4471C1B8CCC5773D3A5 /* Pods-Countingpills.release.xcconfig */;
			buildSettings = {
				ASSETCATALOG_COMPILER_APPICON_NAME = AppIcon;
				ASSETCATALOG_COMPILER_GLOBAL_ACCENT_COLOR_NAME = AccentColor;
				CODE_SIGN_STYLE = Automatic;
				CURRENT_PROJECT_VERSION = 1;
				DEVELOPMENT_TEAM = R54DJK7U34;
				ENABLE_PREVIEWS = YES;
				GENERATE_INFOPLIST_FILE = YES;
				INFOPLIST_FILE = Countingpills/Info.plist;
				INFOPLIST_KEY_CFBundleDisplayName = "";
				INFOPLIST_KEY_NSCameraUsageDescription = "카메라 사용을 위해 필요합니다";
				INFOPLIST_KEY_UIApplicationSceneManifest_Generation = YES;
				INFOPLIST_KEY_UIApplicationSupportsIndirectInputEvents = YES;
				INFOPLIST_KEY_UILaunchScreen_Generation = YES;
				INFOPLIST_KEY_UISupportedInterfaceOrientations_iPad = "UIInterfaceOrientationPortrait UIInterfaceOrientationPortraitUpsideDown UIInterfaceOrientationLandscapeLeft UIInterfaceOrientationLandscapeRight";
				INFOPLIST_KEY_UISupportedInterfaceOrientations_iPhone = "UIInterfaceOrientationPortrait UIInterfaceOrientationLandscapeLeft UIInterfaceOrientationLandscapeRight";
				IPHONEOS_DEPLOYMENT_TARGET = 18.6;
				LD_RUNPATH_SEARCH_PATHS = (
					"$(inherited)",
					"@executable_path/Frameworks",
				);
				MARKETING_VERSION = 1.0;
				PRODUCT_BUNDLE_IDENTIFIER = com.test.Countingpills;
				PRODUCT_NAME = "$(TARGET_NAME)";
				STRING_CATALOG_GENERATE_SYMBOLS = YES;
				SWIFT_APPROACHABLE_CONCURRENCY = YES;
				SWIFT_DEFAULT_ACTOR_ISOLATION = MainActor;
				SWIFT_EMIT_LOC_STRINGS = YES;
				SWIFT_UPCOMING_FEATURE_MEMBER_IMPORT_VISIBILITY = YES;
				SWIFT_VERSION = 5.0;
				TARGETED_DEVICE_FAMILY = "1,2";
			};
			name = Release;
		};
		EAB5195B2F191CC700A27C0A /* Debug */ = {
			isa = XCBuildConfiguration;
			baseConfigurationReference = CD17744FD6906C4115893546 /* Pods-CountingpillsTests.debug.xcconfig */;
			buildSettings = {
				BUNDLE_LOADER = "$(TEST_HOST)";
				CODE_SIGN_STYLE = Automatic;
				CURRENT_PROJECT_VERSION = 1;
				DEVELOPMENT_TEAM = R54DJK7U34;
				GENERATE_INFOPLIST_FILE = YES;
				IPHONEOS_DEPLOYMENT_TARGET = 26.2;
				MARKETING_VERSION = 1.0;
				PRODUCT_BUNDLE_IDENTIFIER = com.test.CountingpillsTests;
				PRODUCT_NAME = "$(TARGET_NAME)";
				STRING_CATALOG_GENERATE_SYMBOLS = NO;
				SWIFT_APPROACHABLE_CONCURRENCY = YES;
				SWIFT_EMIT_LOC_STRINGS = NO;
				SWIFT_UPCOMING_FEATURE_MEMBER_IMPORT_VISIBILITY = YES;
				SWIFT_VERSION = 5.0;
				TARGETED_DEVICE_FAMILY = "1,2";
				TEST_HOST = "$(BUILT_PRODUCTS_DIR)/Countingpills.app/$(BUNDLE_EXECUTABLE_FOLDER_PATH)/Countingpills";
			};
			name = Debug;
		};
		EAB5195C2F191CC700A27C0A /* Release */ = {
			isa = XCBuildConfiguration;
			baseConfigurationReference = 82C84F2368011B55AC04D99C /* Pods-CountingpillsTests.release.xcconfig */;
			buildSettings = {
				BUNDLE_LOADER = "$(TEST_HOST)";
				CODE_SIGN_STYLE = Automatic;
				CURRENT_PROJECT_VERSION = 1;
				DEVELOPMENT_TEAM = R54DJK7U34;
				GENERATE_INFOPLIST_FILE = YES;
				IPHONEOS_DEPLOYMENT_TARGET = 26.2;
				MARKETING_VERSION = 1.0;
				PRODUCT_BUNDLE_IDENTIFIER = com.test.CountingpillsTests;
				PRODUCT_NAME = "$(TARGET_NAME)";
				STRING_CATALOG_GENERATE_SYMBOLS = NO;
				SWIFT_APPROACHABLE_CONCURRENCY = YES;
				SWIFT_EMIT_LOC_STRINGS = NO;
				SWIFT_UPCOMING_FEATURE_MEMBER_IMPORT_VISIBILITY = YES;
				SWIFT_VERSION = 5.0;
				TARGETED_DEVICE_FAMILY = "1,2";
				TEST_HOST = "$(BUILT_PRODUCTS_DIR)/Countingpills.app/$(BUNDLE_EXECUTABLE_FOLDER_PATH)/Countingpills";
			};
			name = Release;
		};
		EAB5195E2F191CC700A27C0A /* Debug */ = {
			isa = XCBuildConfiguration;
			baseConfigurationReference = 0C54D5839B8D4315BDABF6CF /* Pods-Countingpills-CountingpillsUITests.debug.xcconfig */;
			buildSettings = {
				CODE_SIGN_STYLE = Automatic;
				CURRENT_PROJECT_VERSION = 1;
				DEVELOPMENT_TEAM = R54DJK7U34;
				GENERATE_INFOPLIST_FILE = YES;
				MARKETING_VERSION = 1.0;
				PRODUCT_BUNDLE_IDENTIFIER = com.test.CountingpillsUITests;
				PRODUCT_NAME = "$(TARGET_NAME)";
				STRING_CATALOG_GENERATE_SYMBOLS = NO;
				SWIFT_APPROACHABLE_CONCURRENCY = YES;
				SWIFT_EMIT_LOC_STRINGS = NO;
				SWIFT_UPCOMING_FEATURE_MEMBER_IMPORT_VISIBILITY = YES;
				SWIFT_VERSION = 5.0;
				TARGETED_DEVICE_FAMILY = "1,2";
				TEST_TARGET_NAME = Countingpills;
			};
			name = Debug;
		};
		EAB5195F2F191CC700A27C0A /* Release */ = {
			isa = XCBuildConfiguration;
			baseConfigurationReference = 3051EDA2B0AEF8C4834AC559 /* Pods-Countingpills-CountingpillsUITests.release.xcconfig */;
			buildSettings = {
				CODE_SIGN_STYLE = Automatic;
				CURRENT_PROJECT_VERSION = 1;
				DEVELOPMENT_TEAM = R54DJK7U34;
				GENERATE_INFOPLIST_FILE = YES;
				MARKETING_VERSION = 1.0;
				PRODUCT_BUNDLE_IDENTIFIER = com.test.CountingpillsUITests;
				PRODUCT_NAME = "$(TARGET_NAME)";
				STRING_CATALOG_GENERATE_SYMBOLS = NO;
				SWIFT_APPROACHABLE_CONCURRENCY = YES;
				SWIFT_EMIT_LOC_STRINGS = NO;
				SWIFT_UPCOMING_FEATURE_MEMBER_IMPORT_VISIBILITY = YES;
				SWIFT_VERSION = 5.0;
				TARGETED_DEVICE_FAMILY = "1,2";
				TEST_TARGET_NAME = Countingpills;
			};
			name = Release;
		};
/* End XCBuildConfiguration section */

/* Begin XCConfigurationList section */
		EAB519312F191CC600A27C0A /* Build configuration list for PBXProject "Countingpills" */ = {
			isa = XCConfigurationList;
			buildConfigurations = (
				EAB519552F191CC700A27C0A /* Debug */,
				EAB519562F191CC700A27C0A /* Release */,
			);
			defaultConfigurationIsVisible = 0;
			defaultConfigurationName = Release;
		};
		EAB519572F191CC700A27C0A /* Build configuration list for PBXNativeTarget "Countingpills" */ = {
			isa = XCConfigurationList;
			buildConfigurations = (
				EAB519582F191CC700A27C0A /* Debug */,
				EAB519592F191CC700A27C0A /* Release */,
			);
			defaultConfigurationIsVisible = 0;
			defaultConfigurationName = Release;
		};
		EAB5195A2F191CC700A27C0A /* Build configuration list for PBXNativeTarget "CountingpillsTests" */ = {
			isa = XCConfigurationList;
			buildConfigurations = (
				EAB5195B2F191CC700A27C0A /* Debug */,
				EAB5195C2F191CC700A27C0A /* Release */,
			);
			defaultConfigurationIsVisible = 0;
			defaultConfigurationName = Release;
		};
		EAB5195D2F191CC700A27C0A /* Build configuration list for PBXNativeTarget "CountingpillsUITests" */ = {
			isa = XCConfigurationList;
			buildConfigurations = (
				EAB5195E2F191CC700A27C0A /* Debug */,
				EAB5195F2F191CC700A27C0A /* Release */,
			);
			defaultConfigurationIsVisible = 0;
			defaultConfigurationName = Release;
		};
/* End XCConfigurationList section */
	};
	rootObject = EAB5192E2F191CC600A27C0A /* Project object */;
}
